// !$*UTF8*$!
{
	archiveVersion = 1;
	classes = {
	};
	objectVersion = 50;
	objects = {

/* Begin PBXBuildFile section */
		2626DE6F21F81445003CAC1B /* SixthScreen.swift in Sources */ = {isa = PBXBuildFile; fileRef = 2626DE6E21F81445003CAC1B /* SixthScreen.swift */; };
		263C038221E941CB00411D41 /* AppDelegate.swift in Sources */ = {isa = PBXBuildFile; fileRef = 263C038121E941CB00411D41 /* AppDelegate.swift */; };
		263C038921E941CC00411D41 /* Assets.xcassets in Resources */ = {isa = PBXBuildFile; fileRef = 263C038821E941CC00411D41 /* Assets.xcassets */; };
		263C038C21E941CC00411D41 /* LaunchScreen.storyboard in Resources */ = {isa = PBXBuildFile; fileRef = 263C038A21E941CC00411D41 /* LaunchScreen.storyboard */; };
		263C039721E941CC00411D41 /* ProgramaticUITests.swift in Sources */ = {isa = PBXBuildFile; fileRef = 263C039621E941CC00411D41 /* ProgramaticUITests.swift */; };
		263C03A221E941CC00411D41 /* ProgramaticUIUITests.swift in Sources */ = {isa = PBXBuildFile; fileRef = 263C03A121E941CC00411D41 /* ProgramaticUIUITests.swift */; };
		263C03B221E942BF00411D41 /* FirstScreen.swift in Sources */ = {isa = PBXBuildFile; fileRef = 263C03B121E942BF00411D41 /* FirstScreen.swift */; };
		263C03B421EA54FA00411D41 /* SecondScreen.swift in Sources */ = {isa = PBXBuildFile; fileRef = 263C03B321EA54FA00411D41 /* SecondScreen.swift */; };
		263C03B621EA730900411D41 /* Pages.swift in Sources */ = {isa = PBXBuildFile; fileRef = 263C03B521EA730900411D41 /* Pages.swift */; };
		263C03BC21EA863B00411D41 /* ChapterCell.swift in Sources */ = {isa = PBXBuildFile; fileRef = 263C03BB21EA863B00411D41 /* ChapterCell.swift */; };
		263C03BE21EAA17B00411D41 /* UIView+Extension.swift in Sources */ = {isa = PBXBuildFile; fileRef = 263C03BD21EAA17B00411D41 /* UIView+Extension.swift */; };
		263C03C021EADB5E00411D41 /* ThirdScreen.swift in Sources */ = {isa = PBXBuildFile; fileRef = 263C03BF21EADB5E00411D41 /* ThirdScreen.swift */; };
		263C03C321EBC83C00411D41 /* ViewPage.swift in Sources */ = {isa = PBXBuildFile; fileRef = 263C03C221EBC83C00411D41 /* ViewPage.swift */; };
		263C03C921ECFE5E00411D41 /* FourthScreen.swift in Sources */ = {isa = PBXBuildFile; fileRef = 263C03C821ECFE5E00411D41 /* FourthScreen.swift */; };
		263C03CC21ED058700411D41 /* PageCell.swift in Sources */ = {isa = PBXBuildFile; fileRef = 263C03CB21ED058700411D41 /* PageCell.swift */; };
		263C03E321ED6E2C00411D41 /* PageView.swift in Sources */ = {isa = PBXBuildFile; fileRef = 263C03E221ED6E2C00411D41 /* PageView.swift */; };
		26BD3DA521EF872600C11961 /* FifthScreen.swift in Sources */ = {isa = PBXBuildFile; fileRef = 26BD3DA421EF872600C11961 /* FifthScreen.swift */; };
/* End PBXBuildFile section */

/* Begin PBXContainerItemProxy section */
		263C039321E941CC00411D41 /* PBXContainerItemProxy */ = {
			isa = PBXContainerItemProxy;
			containerPortal = 263C037621E941CB00411D41 /* Project object */;
			proxyType = 1;
			remoteGlobalIDString = 263C037D21E941CB00411D41;
			remoteInfo = ProgramaticUI;
		};
		263C039E21E941CC00411D41 /* PBXContainerItemProxy */ = {
			isa = PBXContainerItemProxy;
			containerPortal = 263C037621E941CB00411D41 /* Project object */;
			proxyType = 1;
			remoteGlobalIDString = 263C037D21E941CB00411D41;
			remoteInfo = ProgramaticUI;
		};
/* End PBXContainerItemProxy section */

/* Begin PBXFileReference section */
		2626DE6E21F81445003CAC1B /* SixthScreen.swift */ = {isa = PBXFileReference; lastKnownFileType = sourcecode.swift; path = SixthScreen.swift; sourceTree = "<group>"; };
		263C037E21E941CB00411D41 /* ProgramaticUI.app */ = {isa = PBXFileReference; explicitFileType = wrapper.application; includeInIndex = 0; path = ProgramaticUI.app; sourceTree = BUILT_PRODUCTS_DIR; };
		263C038121E941CB00411D41 /* AppDelegate.swift */ = {isa = PBXFileReference; lastKnownFileType = sourcecode.swift; path = AppDelegate.swift; sourceTree = "<group>"; };
		263C038821E941CC00411D41 /* Assets.xcassets */ = {isa = PBXFileReference; lastKnownFileType = folder.assetcatalog; path = Assets.xcassets; sourceTree = "<group>"; };
		263C038B21E941CC00411D41 /* Base */ = {isa = PBXFileReference; lastKnownFileType = file.storyboard; name = Base; path = Base.lproj/LaunchScreen.storyboard; sourceTree = "<group>"; };
		263C038D21E941CC00411D41 /* Info.plist */ = {isa = PBXFileReference; lastKnownFileType = text.plist.xml; path = Info.plist; sourceTree = "<group>"; };
		263C039221E941CC00411D41 /* ProgramaticUITests.xctest */ = {isa = PBXFileReference; explicitFileType = wrapper.cfbundle; includeInIndex = 0; path = ProgramaticUITests.xctest; sourceTree = BUILT_PRODUCTS_DIR; };
		263C039621E941CC00411D41 /* ProgramaticUITests.swift */ = {isa = PBXFileReference; lastKnownFileType = sourcecode.swift; path = ProgramaticUITests.swift; sourceTree = "<group>"; };
		263C039821E941CC00411D41 /* Info.plist */ = {isa = PBXFileReference; lastKnownFileType = text.plist.xml; path = Info.plist; sourceTree = "<group>"; };
		263C039D21E941CC00411D41 /* ProgramaticUIUITests.xctest */ = {isa = PBXFileReference; explicitFileType = wrapper.cfbundle; includeInIndex = 0; path = ProgramaticUIUITests.xctest; sourceTree = BUILT_PRODUCTS_DIR; };
		263C03A121E941CC00411D41 /* ProgramaticUIUITests.swift */ = {isa = PBXFileReference; lastKnownFileType = sourcecode.swift; path = ProgramaticUIUITests.swift; sourceTree = "<group>"; };
		263C03A321E941CC00411D41 /* Info.plist */ = {isa = PBXFileReference; lastKnownFileType = text.plist.xml; path = Info.plist; sourceTree = "<group>"; };
		263C03B121E942BF00411D41 /* FirstScreen.swift */ = {isa = PBXFileReference; lastKnownFileType = sourcecode.swift; path = FirstScreen.swift; sourceTree = "<group>"; };
		263C03B321EA54FA00411D41 /* SecondScreen.swift */ = {isa = PBXFileReference; lastKnownFileType = sourcecode.swift; path = SecondScreen.swift; sourceTree = "<group>"; };
		263C03B521EA730900411D41 /* Pages.swift */ = {isa = PBXFileReference; lastKnownFileType = sourcecode.swift; path = Pages.swift; sourceTree = "<group>"; };
		263C03BB21EA863B00411D41 /* ChapterCell.swift */ = {isa = PBXFileReference; lastKnownFileType = sourcecode.swift; path = ChapterCell.swift; sourceTree = "<group>"; };
		263C03BD21EAA17B00411D41 /* UIView+Extension.swift */ = {isa = PBXFileReference; lastKnownFileType = sourcecode.swift; path = "UIView+Extension.swift"; sourceTree = "<group>"; };
		263C03BF21EADB5E00411D41 /* ThirdScreen.swift */ = {isa = PBXFileReference; lastKnownFileType = sourcecode.swift; path = ThirdScreen.swift; sourceTree = "<group>"; };
		263C03C221EBC83C00411D41 /* ViewPage.swift */ = {isa = PBXFileReference; lastKnownFileType = sourcecode.swift; path = ViewPage.swift; sourceTree = "<group>"; };
		263C03C821ECFE5E00411D41 /* FourthScreen.swift */ = {isa = PBXFileReference; lastKnownFileType = sourcecode.swift; path = FourthScreen.swift; sourceTree = "<group>"; };
		263C03CB21ED058700411D41 /* PageCell.swift */ = {isa = PBXFileReference; lastKnownFileType = sourcecode.swift; path = PageCell.swift; sourceTree = "<group>"; };
		263C03E221ED6E2C00411D41 /* PageView.swift */ = {isa = PBXFileReference; lastKnownFileType = sourcecode.swift; path = PageView.swift; sourceTree = "<group>"; };
		26BD3DA421EF872600C11961 /* FifthScreen.swift */ = {isa = PBXFileReference; lastKnownFileType = sourcecode.swift; path = FifthScreen.swift; sourceTree = "<group>"; };
/* End PBXFileReference section */

/* Begin PBXFrameworksBuildPhase section */
		263C037B21E941CB00411D41 /* Frameworks */ = {
			isa = PBXFrameworksBuildPhase;
			buildActionMask = 2147483647;
			files = (
			);
			runOnlyForDeploymentPostprocessing = 0;
		};
		263C038F21E941CC00411D41 /* Frameworks */ = {
			isa = PBXFrameworksBuildPhase;
			buildActionMask = 2147483647;
			files = (
			);
			runOnlyForDeploymentPostprocessing = 0;
		};
		263C039A21E941CC00411D41 /* Frameworks */ = {
			isa = PBXFrameworksBuildPhase;
			buildActionMask = 2147483647;
			files = (
			);
			runOnlyForDeploymentPostprocessing = 0;
		};
/* End PBXFrameworksBuildPhase section */

/* Begin PBXGroup section */
		2626DE6D21F81407003CAC1B /* CheckLayout */ = {
			isa = PBXGroup;
			children = (
				2626DE6E21F81445003CAC1B /* SixthScreen.swift */,
			);
			path = CheckLayout;
			sourceTree = "<group>";
		};
		263C037521E941CB00411D41 = {
			isa = PBXGroup;
			children = (
				263C038021E941CB00411D41 /* ProgramaticUI */,
				263C039521E941CC00411D41 /* ProgramaticUITests */,
				263C03A021E941CC00411D41 /* ProgramaticUIUITests */,
				263C037F21E941CB00411D41 /* Products */,
			);
			sourceTree = "<group>";
		};
		263C037F21E941CB00411D41 /* Products */ = {
			isa = PBXGroup;
			children = (
				263C037E21E941CB00411D41 /* ProgramaticUI.app */,
				263C039221E941CC00411D41 /* ProgramaticUITests.xctest */,
				263C039D21E941CC00411D41 /* ProgramaticUIUITests.xctest */,
			);
			name = Products;
			sourceTree = "<group>";
		};
		263C038021E941CB00411D41 /* ProgramaticUI */ = {
			isa = PBXGroup;
			children = (
				263C03C121EBC79F00411D41 /* PageControllerPages */,
				263C038121E941CB00411D41 /* AppDelegate.swift */,
				263C038821E941CC00411D41 /* Assets.xcassets */,
				263C038A21E941CC00411D41 /* LaunchScreen.storyboard */,
				263C038D21E941CC00411D41 /* Info.plist */,
				263C03B121E942BF00411D41 /* FirstScreen.swift */,
				263C03CA21ED013400411D41 /* Waterfall */,
				263C03B521EA730900411D41 /* Pages.swift */,
				263C03BD21EAA17B00411D41 /* UIView+Extension.swift */,
				26BD3DA421EF872600C11961 /* FifthScreen.swift */,
			);
			path = ProgramaticUI;
			sourceTree = "<group>";
		};
		263C039521E941CC00411D41 /* ProgramaticUITests */ = {
			isa = PBXGroup;
			children = (
				263C039621E941CC00411D41 /* ProgramaticUITests.swift */,
				263C039821E941CC00411D41 /* Info.plist */,
			);
			path = ProgramaticUITests;
			sourceTree = "<group>";
		};
		263C03A021E941CC00411D41 /* ProgramaticUIUITests */ = {
			isa = PBXGroup;
			children = (
				263C03A121E941CC00411D41 /* ProgramaticUIUITests.swift */,
				263C03A321E941CC00411D41 /* Info.plist */,
			);
			path = ProgramaticUIUITests;
			sourceTree = "<group>";
		};
		263C03C121EBC79F00411D41 /* PageControllerPages */ = {
			isa = PBXGroup;
			children = (
				2626DE6D21F81407003CAC1B /* CheckLayout */,
				26FE83FA21F15D5B0057A5D7 /* ReadLayout */,
				26FE83F921F15D3D0057A5D7 /* Table */,
			);
			path = PageControllerPages;
			sourceTree = "<group>";
		};
		263C03CA21ED013400411D41 /* Waterfall */ = {
			isa = PBXGroup;
			children = (
				263C03C821ECFE5E00411D41 /* FourthScreen.swift */,
				263C03CB21ED058700411D41 /* PageCell.swift */,
				263C03E221ED6E2C00411D41 /* PageView.swift */,
			);
			path = Waterfall;
			sourceTree = "<group>";
		};
		26FE83F921F15D3D0057A5D7 /* Table */ = {
			isa = PBXGroup;
			children = (
				263C03BB21EA863B00411D41 /* ChapterCell.swift */,
				263C03B321EA54FA00411D41 /* SecondScreen.swift */,
			);
			path = Table;
			sourceTree = "<group>";
		};
		26FE83FA21F15D5B0057A5D7 /* ReadLayout */ = {
			isa = PBXGroup;
			children = (
				263C03BF21EADB5E00411D41 /* ThirdScreen.swift */,
				263C03C221EBC83C00411D41 /* ViewPage.swift */,
			);
			path = ReadLayout;
			sourceTree = "<group>";
		};
/* End PBXGroup section */

/* Begin PBXNativeTarget section */
		263C037D21E941CB00411D41 /* ProgramaticUI */ = {
			isa = PBXNativeTarget;
			buildConfigurationList = 263C03A621E941CC00411D41 /* Build configuration list for PBXNativeTarget "ProgramaticUI" */;
			buildPhases = (
				263C037A21E941CB00411D41 /* Sources */,
				263C037B21E941CB00411D41 /* Frameworks */,
				263C037C21E941CB00411D41 /* Resources */,
			);
			buildRules = (
			);
			dependencies = (
			);
			name = ProgramaticUI;
			productName = ProgramaticUI;
			productReference = 263C037E21E941CB00411D41 /* ProgramaticUI.app */;
			productType = "com.apple.product-type.application";
		};
		263C039121E941CC00411D41 /* ProgramaticUITests */ = {
			isa = PBXNativeTarget;
			buildConfigurationList = 263C03A921E941CC00411D41 /* Build configuration list for PBXNativeTarget "ProgramaticUITests" */;
			buildPhases = (
				263C038E21E941CC00411D41 /* Sources */,
				263C038F21E941CC00411D41 /* Frameworks */,
				263C039021E941CC00411D41 /* Resources */,
			);
			buildRules = (
			);
			dependencies = (
				263C039421E941CC00411D41 /* PBXTargetDependency */,
			);
			name = ProgramaticUITests;
			productName = ProgramaticUITests;
			productReference = 263C039221E941CC00411D41 /* ProgramaticUITests.xctest */;
			productType = "com.apple.product-type.bundle.unit-test";
		};
		263C039C21E941CC00411D41 /* ProgramaticUIUITests */ = {
			isa = PBXNativeTarget;
			buildConfigurationList = 263C03AC21E941CC00411D41 /* Build configuration list for PBXNativeTarget "ProgramaticUIUITests" */;
			buildPhases = (
				263C039921E941CC00411D41 /* Sources */,
				263C039A21E941CC00411D41 /* Frameworks */,
				263C039B21E941CC00411D41 /* Resources */,
			);
			buildRules = (
			);
			dependencies = (
				263C039F21E941CC00411D41 /* PBXTargetDependency */,
			);
			name = ProgramaticUIUITests;
			productName = ProgramaticUIUITests;
			productReference = 263C039D21E941CC00411D41 /* ProgramaticUIUITests.xctest */;
			productType = "com.apple.product-type.bundle.ui-testing";
		};
/* End PBXNativeTarget section */

/* Begin PBXProject section */
		263C037621E941CB00411D41 /* Project object */ = {
			isa = PBXProject;
			attributes = {
				LastSwiftUpdateCheck = 1010;
				LastUpgradeCheck = 1010;
				ORGANIZATIONNAME = "Michael DeLeo";
				TargetAttributes = {
					263C037D21E941CB00411D41 = {
						CreatedOnToolsVersion = 10.1;
					};
					263C039121E941CC00411D41 = {
						CreatedOnToolsVersion = 10.1;
						TestTargetID = 263C037D21E941CB00411D41;
					};
					263C039C21E941CC00411D41 = {
						CreatedOnToolsVersion = 10.1;
						TestTargetID = 263C037D21E941CB00411D41;
					};
				};
			};
			buildConfigurationList = 263C037921E941CB00411D41 /* Build configuration list for PBXProject "ProgramaticUI" */;
			compatibilityVersion = "Xcode 9.3";
			developmentRegion = en;
			hasScannedForEncodings = 0;
			knownRegions = (
				en,
				Base,
			);
			mainGroup = 263C037521E941CB00411D41;
			productRefGroup = 263C037F21E941CB00411D41 /* Products */;
			projectDirPath = "";
			projectRoot = "";
			targets = (
				263C037D21E941CB00411D41 /* ProgramaticUI */,
				263C039121E941CC00411D41 /* ProgramaticUITests */,
				263C039C21E941CC00411D41 /* ProgramaticUIUITests */,
			);
		};
/* End PBXProject section */

/* Begin PBXResourcesBuildPhase section */
		263C037C21E941CB00411D41 /* Resources */ = {
			isa = PBXResourcesBuildPhase;
			buildActionMask = 2147483647;
			files = (
				263C038C21E941CC00411D41 /* LaunchScreen.storyboard in Resources */,
				263C038921E941CC00411D41 /* Assets.xcassets in Resources */,
			);
			runOnlyForDeploymentPostprocessing = 0;
		};
		263C039021E941CC00411D41 /* Resources */ = {
			isa = PBXResourcesBuildPhase;
			buildActionMask = 2147483647;
			files = (
			);
			runOnlyForDeploymentPostprocessing = 0;
		};
		263C039B21E941CC00411D41 /* Resources */ = {
			isa = PBXResourcesBuildPhase;
			buildActionMask = 2147483647;
			files = (
			);
			runOnlyForDeploymentPostprocessing = 0;
		};
/* End PBXResourcesBuildPhase section */

/* Begin PBXSourcesBuildPhase section */
		263C037A21E941CB00411D41 /* Sources */ = {
			isa = PBXSourcesBuildPhase;
			buildActionMask = 2147483647;
			files = (
				263C03BE21EAA17B00411D41 /* UIView+Extension.swift in Sources */,
				26BD3DA521EF872600C11961 /* FifthScreen.swift in Sources */,
				263C03C021EADB5E00411D41 /* ThirdScreen.swift in Sources */,
				263C03BC21EA863B00411D41 /* ChapterCell.swift in Sources */,
				263C03C321EBC83C00411D41 /* ViewPage.swift in Sources */,
				263C03C921ECFE5E00411D41 /* FourthScreen.swift in Sources */,
				263C03B221E942BF00411D41 /* FirstScreen.swift in Sources */,
				263C03CC21ED058700411D41 /* PageCell.swift in Sources */,
				2626DE6F21F81445003CAC1B /* SixthScreen.swift in Sources */,
				263C038221E941CB00411D41 /* AppDelegate.swift in Sources */,
				263C03E321ED6E2C00411D41 /* PageView.swift in Sources */,
				263C03B621EA730900411D41 /* Pages.swift in Sources */,
				263C03B421EA54FA00411D41 /* SecondScreen.swift in Sources */,
			);
			runOnlyForDeploymentPostprocessing = 0;
		};
		263C038E21E941CC00411D41 /* Sources */ = {
			isa = PBXSourcesBuildPhase;
			buildActionMask = 2147483647;
			files = (
				263C039721E941CC00411D41 /* ProgramaticUITests.swift in Sources */,
			);
			runOnlyForDeploymentPostprocessing = 0;
		};
		263C039921E941CC00411D41 /* Sources */ = {
			isa = PBXSourcesBuildPhase;
			buildActionMask = 2147483647;
			files = (
				263C03A221E941CC00411D41 /* ProgramaticUIUITests.swift in Sources */,
			);
			runOnlyForDeploymentPostprocessing = 0;
		};
/* End PBXSourcesBuildPhase section */

/* Begin PBXTargetDependency section */
		263C039421E941CC00411D41 /* PBXTargetDependency */ = {
			isa = PBXTargetDependency;
			target = 263C037D21E941CB00411D41 /* ProgramaticUI */;
			targetProxy = 263C039321E941CC00411D41 /* PBXContainerItemProxy */;
		};
		263C039F21E941CC00411D41 /* PBXTargetDependency */ = {
			isa = PBXTargetDependency;
			target = 263C037D21E941CB00411D41 /* ProgramaticUI */;
			targetProxy = 263C039E21E941CC00411D41 /* PBXContainerItemProxy */;
		};
/* End PBXTargetDependency section */

/* Begin PBXVariantGroup section */
		263C038A21E941CC00411D41 /* LaunchScreen.storyboard */ = {
			isa = PBXVariantGroup;
			children = (
				263C038B21E941CC00411D41 /* Base */,
			);
			name = LaunchScreen.storyboard;
			sourceTree = "<group>";
		};
/* End PBXVariantGroup section */

/* Begin XCBuildConfiguration section */
		263C03A421E941CC00411D41 /* Debug */ = {
			isa = XCBuildConfiguration;
			buildSettings = {
				ALWAYS_SEARCH_USER_PATHS = NO;
				CLANG_ANALYZER_NONNULL = YES;
				CLANG_ANALYZER_NUMBER_OBJECT_CONVERSION = YES_AGGRESSIVE;
				CLANG_CXX_LANGUAGE_STANDARD = "gnu++14";
				CLANG_CXX_LIBRARY = "libc++";
				CLANG_ENABLE_MODULES = YES;
				CLANG_ENABLE_OBJC_ARC = YES;
				CLANG_ENABLE_OBJC_WEAK = YES;
				CLANG_WARN_BLOCK_CAPTURE_AUTORELEASING = YES;
				CLANG_WARN_BOOL_CONVERSION = YES;
				CLANG_WARN_COMMA = YES;
				CLANG_WARN_CONSTANT_CONVERSION = YES;
				CLANG_WARN_DEPRECATED_OBJC_IMPLEMENTATIONS = YES;
				CLANG_WARN_DIRECT_OBJC_ISA_USAGE = YES_ERROR;
				CLANG_WARN_DOCUMENTATION_COMMENTS = YES;
				CLANG_WARN_EMPTY_BODY = YES;
				CLANG_WARN_ENUM_CONVERSION = YES;
				CLANG_WARN_INFINITE_RECURSION = YES;
				CLANG_WARN_INT_CONVERSION = YES;
				CLANG_WARN_NON_LITERAL_NULL_CONVERSION = YES;
				CLANG_WARN_OBJC_IMPLICIT_RETAIN_SELF = YES;
				CLANG_WARN_OBJC_LITERAL_CONVERSION = YES;
				CLANG_WARN_OBJC_ROOT_CLASS = YES_ERROR;
				CLANG_WARN_RANGE_LOOP_ANALYSIS = YES;
				CLANG_WARN_STRICT_PROTOTYPES = YES;
				CLANG_WARN_SUSPICIOUS_MOVE = YES;
				CLANG_WARN_UNGUARDED_AVAILABILITY = YES_AGGRESSIVE;
				CLANG_WARN_UNREACHABLE_CODE = YES;
				CLANG_WARN__DUPLICATE_METHOD_MATCH = YES;
				CODE_SIGN_IDENTITY = "iPhone Developer";
				COPY_PHASE_STRIP = NO;
				DEBUG_INFORMATION_FORMAT = dwarf;
				ENABLE_STRICT_OBJC_MSGSEND = YES;
				ENABLE_TESTABILITY = YES;
				GCC_C_LANGUAGE_STANDARD = gnu11;
				GCC_DYNAMIC_NO_PIC = NO;
				GCC_NO_COMMON_BLOCKS = YES;
				GCC_OPTIMIZATION_LEVEL = 0;
				GCC_PREPROCESSOR_DEFINITIONS = (
					"DEBUG=1",
					"$(inherited)",
				);
				GCC_WARN_64_TO_32_BIT_CONVERSION = YES;
				GCC_WARN_ABOUT_RETURN_TYPE = YES_ERROR;
				GCC_WARN_UNDECLARED_SELECTOR = YES;
				GCC_WARN_UNINITIALIZED_AUTOS = YES_AGGRESSIVE;
				GCC_WARN_UNUSED_FUNCTION = YES;
				GCC_WARN_UNUSED_VARIABLE = YES;
				IPHONEOS_DEPLOYMENT_TARGET = 12.1;
				MTL_ENABLE_DEBUG_INFO = INCLUDE_SOURCE;
				MTL_FAST_MATH = YES;
				ONLY_ACTIVE_ARCH = YES;
				SDKROOT = iphoneos;
				SWIFT_ACTIVE_COMPILATION_CONDITIONS = DEBUG;
				SWIFT_OPTIMIZATION_LEVEL = "-Onone";
			};
			name = Debug;
		};
		263C03A521E941CC00411D41 /* Release */ = {
			isa = XCBuildConfiguration;
			buildSettings = {
				ALWAYS_SEARCH_USER_PATHS = NO;
				CLANG_ANALYZER_NONNULL = YES;
				CLANG_ANALYZER_NUMBER_OBJECT_CONVERSION = YES_AGGRESSIVE;
				CLANG_CXX_LANGUAGE_STANDARD = "gnu++14";
				CLANG_CXX_LIBRARY = "libc++";
				CLANG_ENABLE_MODULES = YES;
				CLANG_ENABLE_OBJC_ARC = YES;
				CLANG_ENABLE_OBJC_WEAK = YES;
				CLANG_WARN_BLOCK_CAPTURE_AUTORELEASING = YES;
				CLANG_WARN_BOOL_CONVERSION = YES;
				CLANG_WARN_COMMA = YES;
				CLANG_WARN_CONSTANT_CONVERSION = YES;
				CLANG_WARN_DEPRECATED_OBJC_IMPLEMENTATIONS = YES;
				CLANG_WARN_DIRECT_OBJC_ISA_USAGE = YES_ERROR;
				CLANG_WARN_DOCUMENTATION_COMMENTS = YES;
				CLANG_WARN_EMPTY_BODY = YES;
				CLANG_WARN_ENUM_CONVERSION = YES;
				CLANG_WARN_INFINITE_RECURSION = YES;
				CLANG_WARN_INT_CONVERSION = YES;
				CLANG_WARN_NON_LITERAL_NULL_CONVERSION = YES;
				CLANG_WARN_OBJC_IMPLICIT_RETAIN_SELF = YES;
				CLANG_WARN_OBJC_LITERAL_CONVERSION = YES;
				CLANG_WARN_OBJC_ROOT_CLASS = YES_ERROR;
				CLANG_WARN_RANGE_LOOP_ANALYSIS = YES;
				CLANG_WARN_STRICT_PROTOTYPES = YES;
				CLANG_WARN_SUSPICIOUS_MOVE = YES;
				CLANG_WARN_UNGUARDED_AVAILABILITY = YES_AGGRESSIVE;
				CLANG_WARN_UNREACHABLE_CODE = YES;
				CLANG_WARN__DUPLICATE_METHOD_MATCH = YES;
				CODE_SIGN_IDENTITY = "iPhone Developer";
				COPY_PHASE_STRIP = NO;
				DEBUG_INFORMATION_FORMAT = "dwarf-with-dsym";
				ENABLE_NS_ASSERTIONS = NO;
				ENABLE_STRICT_OBJC_MSGSEND = YES;
				GCC_C_LANGUAGE_STANDARD = gnu11;
				GCC_NO_COMMON_BLOCKS = YES;
				GCC_WARN_64_TO_32_BIT_CONVERSION = YES;
				GCC_WARN_ABOUT_RETURN_TYPE = YES_ERROR;
				GCC_WARN_UNDECLARED_SELECTOR = YES;
				GCC_WARN_UNINITIALIZED_AUTOS = YES_AGGRESSIVE;
				GCC_WARN_UNUSED_FUNCTION = YES;
				GCC_WARN_UNUSED_VARIABLE = YES;
				IPHONEOS_DEPLOYMENT_TARGET = 12.1;
				MTL_ENABLE_DEBUG_INFO = NO;
				MTL_FAST_MATH = YES;
				SDKROOT = iphoneos;
				SWIFT_COMPILATION_MODE = wholemodule;
				SWIFT_OPTIMIZATION_LEVEL = "-O";
				VALIDATE_PRODUCT = YES;
			};
			name = Release;
		};
		263C03A721E941CC00411D41 /* Debug */ = {
			isa = XCBuildConfiguration;
			buildSettings = {
				ASSETCATALOG_COMPILER_APPICON_NAME = AppIcon;
				CODE_SIGN_STYLE = Automatic;
				DEVELOPMENT_TEAM = R4448CUD62;
				INFOPLIST_FILE = ProgramaticUI/Info.plist;
				IPHONEOS_DEPLOYMENT_TARGET = 11.2;
				LD_RUNPATH_SEARCH_PATHS = (
					"$(inherited)",
					"@executable_path/Frameworks",
				);
				PRODUCT_BUNDLE_IDENTIFIER = Test.ProgramaticUI;
				PRODUCT_NAME = "$(TARGET_NAME)";
				SWIFT_VERSION = 4.2;
				TARGETED_DEVICE_FAMILY = "1,2";
			};
			name = Debug;
		};
		263C03A821E941CC00411D41 /* Release */ = {
			isa = XCBuildConfiguration;
			buildSettings = {
				ASSETCATALOG_COMPILER_APPICON_NAME = AppIcon;
				CODE_SIGN_STYLE = Automatic;
				DEVELOPMENT_TEAM = R4448CUD62;
				INFOPLIST_FILE = ProgramaticUI/Info.plist;
				IPHONEOS_DEPLOYMENT_TARGET = 11.2;
				LD_RUNPATH_SEARCH_PATHS = (
					"$(inherited)",
					"@executable_path/Frameworks",
				);
				PRODUCT_BUNDLE_IDENTIFIER = Test.ProgramaticUI;
				PRODUCT_NAME = "$(TARGET_NAME)";
				SWIFT_VERSION = 4.2;
				TARGETED_DEVICE_FAMILY = "1,2";
			};
			name = Release;
		};
		263C03AA21E941CC00411D41 /* Debug */ = {
			isa = XCBuildConfiguration;
			buildSettings = {
				ALWAYS_EMBED_SWIFT_STANDARD_LIBRARIES = YES;
				BUNDLE_LOADER = "$(TEST_HOST)";
				CODE_SIGN_STYLE = Automatic;
				INFOPLIST_FILE = ProgramaticUITests/Info.plist;
				LD_RUNPATH_SEARCH_PATHS = (
					"$(inherited)",
					"@executable_path/Frameworks",
					"@loader_path/Frameworks",
				);
				PRODUCT_BUNDLE_IDENTIFIER = Test.ProgramaticUITests;
				PRODUCT_NAME = "$(TARGET_NAME)";
				SWIFT_VERSION = 4.2;
				TARGETED_DEVICE_FAMILY = "1,2";
				TEST_HOST = "$(BUILT_PRODUCTS_DIR)/ProgramaticUI.app/ProgramaticUI";
			};
			name = Debug;
		};
		263C03AB21E941CC00411D41 /* Release */ = {
			isa = XCBuildConfiguration;
			buildSettings = {
				ALWAYS_EMBED_SWIFT_STANDARD_LIBRARIES = YES;
				BUNDLE_LOADER = "$(TEST_HOST)";
				CODE_SIGN_STYLE = Automatic;
				INFOPLIST_FILE = ProgramaticUITests/Info.plist;
				LD_RUNPATH_SEARCH_PATHS = (
					"$(inherited)",
					"@executable_path/Frameworks",
					"@loader_path/Frameworks",
				);
				PRODUCT_BUNDLE_IDENTIFIER = Test.ProgramaticUITests;
				PRODUCT_NAME = "$(TARGET_NAME)";
				SWIFT_VERSION = 4.2;
				TARGETED_DEVICE_FAMILY = "1,2";
				TEST_HOST = "$(BUILT_PRODUCTS_DIR)/ProgramaticUI.app/ProgramaticUI";
			};
			name = Release;
		};
		263C03AD21E941CC00411D41 /* Debug */ = {
			isa = XCBuildConfiguration;
			buildSettings = {
				ALWAYS_EMBED_SWIFT_STANDARD_LIBRARIES = YES;
				CODE_SIGN_STYLE = Automatic;
				INFOPLIST_FILE = ProgramaticUIUITests/Info.plist;
				LD_RUNPATH_SEARCH_PATHS = (
					"$(inherited)",
					"@executable_path/Frameworks",
					"@loader_path/Frameworks",
				);
				PRODUCT_BUNDLE_IDENTIFIER = Test.ProgramaticUIUITests;
				PRODUCT_NAME = "$(TARGET_NAME)";
				SWIFT_VERSION = 4.2;
				TARGETED_DEVICE_FAMILY = "1,2";
				TEST_TARGET_NAME = ProgramaticUI;
			};
			name = Debug;
		};
		263C03AE21E941CC00411D41 /* Release */ = {
			isa = XCBuildConfiguration;
			buildSettings = {
				ALWAYS_EMBED_SWIFT_STANDARD_LIBRARIES = YES;
				CODE_SIGN_STYLE = Automatic;
				INFOPLIST_FILE = ProgramaticUIUITests/Info.plist;
				LD_RUNPATH_SEARCH_PATHS = (
					"$(inherited)",
					"@executable_path/Frameworks",
					"@loader_path/Frameworks",
				);
				PRODUCT_BUNDLE_IDENTIFIER = Test.ProgramaticUIUITests;
				PRODUCT_NAME = "$(TARGET_NAME)";
				SWIFT_VERSION = 4.2;
				TARGETED_DEVICE_FAMILY = "1,2";
				TEST_TARGET_NAME = ProgramaticUI;
			};
			name = Release;
		};
/* End XCBuildConfiguration section */

/* Begin XCConfigurationList section */
		263C037921E941CB00411D41 /* Build configuration list for PBXProject "ProgramaticUI" */ = {
			isa = XCConfigurationList;
			buildConfigurations = (
				263C03A421E941CC00411D41 /* Debug */,
				263C03A521E941CC00411D41 /* Release */,
			);
			defaultConfigurationIsVisible = 0;
			defaultConfigurationName = Release;
		};
		263C03A621E941CC00411D41 /* Build configuration list for PBXNativeTarget "ProgramaticUI" */ = {
			isa = XCConfigurationList;
			buildConfigurations = (
				263C03A721E941CC00411D41 /* Debug */,
				263C03A821E941CC00411D41 /* Release */,
			);
			defaultConfigurationIsVisible = 0;
			defaultConfigurationName = Release;
		};
		263C03A921E941CC00411D41 /* Build configuration list for PBXNativeTarget "ProgramaticUITests" */ = {
			isa = XCConfigurationList;
			buildConfigurations = (
				263C03AA21E941CC00411D41 /* Debug */,
				263C03AB21E941CC00411D41 /* Release */,
			);
			defaultConfigurationIsVisible = 0;
			defaultConfigurationName = Release;
		};
		263C03AC21E941CC00411D41 /* Build configuration list for PBXNativeTarget "ProgramaticUIUITests" */ = {
			isa = XCConfigurationList;
			buildConfigurations = (
				263C03AD21E941CC00411D41 /* Debug */,
				263C03AE21E941CC00411D41 /* Release */,
			);
			defaultConfigurationIsVisible = 0;
			defaultConfigurationName = Release;
		};
/* End XCConfigurationList section */
	};
	rootObject = 263C037621E941CB00411D41 /* Project object */;
}
